
Microsoft Visual Studio Solution File, Format Version 12.00
# Visual Studio Version 16
VisualStudioVersion = 16.0.30011.22
MinimumVisualStudioVersion = 10.0.40219.1
Project("{FAE04EC0-301F-11D3-BF4B-00C04F79EFBC}") = "UbisoftTest.HttpApi", "src\UbisoftTest.HttpApi\UbisoftTest.HttpApi.csproj", "{46812C0A-92A4-4F76-9AC4-085F49E5A384}"
EndProject
Global
	GlobalSection(SolutionConfigurationPlatforms) = preSolution
		Debug|Any CPU = Debug|Any CPU
		Release|Any CPU = Release|Any CPU
	EndGlobalSection
	GlobalSection(ProjectConfigurationPlatforms) = postSolution
		{46812C0A-92A4-4F76-9AC4-085F49E5A384}.Debug|Any CPU.ActiveCfg = Debug|Any CPU
		{46812C0A-92A4-4F76-9AC4-085F49E5A384}.Debug|Any CPU.Build.0 = Debug|Any CPU
		{46812C0A-92A4-4F76-9AC4-085F49E5A384}.Release|Any CPU.ActiveCfg = Release|Any CPU
		{46812C0A-92A4-4F76-9AC4-085F49E5A384}.Release|Any CPU.Build.0 = Release|Any CPU
	EndGlobalSection
	GlobalSection(SolutionProperties) = preSolution
		HideSolutionNode = FALSE
	EndGlobalSection
	GlobalSection(ExtensibilityGlobals) = postSolution
		SolutionGuid = {269BC47F-1288-4713-A6D3-DF3BF5506EE9}
	EndGlobalSection
EndGlobal
